Microsoft Visual Studio Solution File, Format Version 12.00
# Visual Studio Version 17
VisualStudioVersion = 17.5.2.0
MinimumVisualStudioVersion = 10.0.40219.1
Project("{FAE04EC0-301F-11D3-BF4B-00C04F79EFBC}") = "appacd", "appacd.csproj", "{3DB5861D-F66C-9423-F5DF-C36AE6765A3A}"
EndProject
Global
	GlobalSection(SolutionConfigurationPlatforms) = preSolution
		Debug|Any CPU = Debug|Any CPU
		Release|Any CPU = Release|Any CPU
	EndGlobalSection
	GlobalSection(ProjectConfigurationPlatforms) = postSolution
		{3DB5861D-F66C-9423-F5DF-C36AE6765A3A}.Debug|Any CPU.ActiveCfg = Debug|Any CPU
		{3DB5861D-F66C-9423-F5DF-C36AE6765A3A}.Debug|Any CPU.Build.0 = Debug|Any CPU
		{3DB5861D-F66C-9423-F5DF-C36AE6765A3A}.Release|Any CPU.ActiveCfg = Release|Any CPU
		{3DB5861D-F66C-9423-F5DF-C36AE6765A3A}.Release|Any CPU.Build.0 = Release|Any CPU
	EndGlobalSection
	GlobalSection(SolutionProperties) = preSolution
		HideSolutionNode = FALSE
	EndGlobalSection
	GlobalSection(ExtensibilityGlobals) = postSolution
		SolutionGuid = {9A27559A-6B84-4349-8749-1FEB6C4CBD3F}
	EndGlobalSection
EndGlobal
