Microsoft Visual Studio Solution File, Format Version 12.00
# Visual Studio Version 17
VisualStudioVersion = 17.5.2.0
MinimumVisualStudioVersion = 10.0.40219.1
Project("{FAE04EC0-301F-11D3-BF4B-00C04F79EFBC}") = "appacd", "appacd.csproj", "{AB6066A7-9E21-36E7-28C2-9C154B06B31A}"
EndProject
Global
	GlobalSection(SolutionConfigurationPlatforms) = preSolution
		Debug|Any CPU = Debug|Any CPU
		Release|Any CPU = Release|Any CPU
	EndGlobalSection
	GlobalSection(ProjectConfigurationPlatforms) = postSolution
		{AB6066A7-9E21-36E7-28C2-9C154B06B31A}.Debug|Any CPU.ActiveCfg = Debug|Any CPU
		{AB6066A7-9E21-36E7-28C2-9C154B06B31A}.Debug|Any CPU.Build.0 = Debug|Any CPU
		{AB6066A7-9E21-36E7-28C2-9C154B06B31A}.Release|Any CPU.ActiveCfg = Release|Any CPU
		{AB6066A7-9E21-36E7-28C2-9C154B06B31A}.Release|Any CPU.Build.0 = Release|Any CPU
	EndGlobalSection
	GlobalSection(SolutionProperties) = preSolution
		HideSolutionNode = FALSE
	EndGlobalSection
	GlobalSection(ExtensibilityGlobals) = postSolution
		SolutionGuid = {D725473D-2648-4B4E-BB6B-97E2514A4A21}
	EndGlobalSection
EndGlobal
